github.com/Azure/azure-sdk-for-go v67.1.0+incompatible h1:oziYcaopbnIKfM69DL05wXdypiqfrUKdxUKrKpynJTw=
github.com/Azure/azure-sdk-for-go v67.1.0+incompatible/go.mod h1:9XXNKU+eRnpl9moKnB4QOLf1HestfXbmab5FXxiDBjc=
github.com/Azure/azure-sdk-for-go/sdk/azcore v1.2.0 h1:sVW/AFBTGyJxDaMYlq0ct3jUXTtj12tQ6zE2GZUgVQw=
github.com/Azure/azure-sdk-for-go/sdk/azcore v1.2.0/go.mod h1:uGG2W01BaETf0Ozp+QxxKJdMBNRWPdstHG0Fmdwn1/U=
github.com/Azure/azure-sdk-for-go/sdk/data/azcosmos v0.3.2 h1:yJegJqjhrMJ3Oe5s43jOTGL2AsE7pJyx+7Yqls/65tw=
github.com/Azure/azure-sdk-for-go/sdk/data/azcosmos v0.3.2/go.mod h1:Fy3bbChFm4cZn6oIxYYqKB2FG3rBDxk3NZDLDJCHl+Q=
github.com/Azure/azure-sdk-for-go/sdk/internal v1.1.1 h1:Oj853U9kG+RLTCQXpjvOnrv0WaZHxgmZz1TlLywgOPY=
github.com/Azure/azure-sdk-for-go/sdk/internal v1.1.1/go.mod h1:eWRD7oawr1Mu1sLCawqVc0CUiF43ia3qQMxLscsKQ9w=
github.com/google/uuid v1.3.0 h1:t6JiXgmwXMjEs8VusXIJk2BXHsn+wx8BZdTaoZ5fu7I=
github.com/google/uuid v1.3.0/go.mod h1:TIyPZe4MgqvfeYDBFedMoGGpEw/LqOeaOT+nhxU+yHo=
github.com/gorilla/mux v1.8.0 h1:i40aqfkR1h2SlN9hojwV5ZA91wcXFOvkdNIeFDP5koI=
github.com/gorilla/mux v1.8.0/go.mod h1:DVbg23sWSpFRCP0SfiEN6jmj59UnW/n46BH5rLB71So=
golang.org/x/net v0.2.0 h1:sZfSu1wtKLGlWI4ZZayP0ck9Y73K1ynO6gqzTdBVdPU=
golang.org/x/net v0.2.0/go.mod h1:KqCZLdyyvdV855qA2rE3GC2aiw5xGR5TEjj8smXukLY=
golang.org/x/text v0.4.0 h1:BrVqGRd7+k1DiOgtnFvAkoQEWQvBc25ouMJM6429SFg=
golang.org/x/text v0.4.0/go.mod h1:mrYo+phRRbMaCq/xk9113O4dZlRixOauAjOtrjsXDZ8=
